{
  "name": "homeapps",
  "version": "1.0.0",
  "lockfileVersion": 2,
  "requires": true,
  "packages": {
    "": {
      "name": "homeapps",
      "version": "1.0.0",
      "license": "GNU",
      "dependencies": {
        "@progress/kendo-ui": "^2022.1.119"
      },
      "devDependencies": {
        "typescript": "^4.5.5"
      }
    },
    "node_modules/@progress/kendo-ui": {
      "version": "2022.1.119",
      "resolved": "https://registry.npmjs.org/@progress/kendo-ui/-/kendo-ui-2022.1.119.tgz",
      "integrity": "sha512-NpNZCBoYi+0m9788DYaSuwZ1nre7x0Vn5/miBPIOtdvN2iKaJ8YftFsGY9IETxCpewPko6ejNr9mAU3S+EmmIg==",
      "dependencies": {
        "jquery": "1.10.0 - 3.6.0"
      }
    },
    "node_modules/jquery": {
      "version": "3.6.0",
      "resolved": "https://registry.npmjs.org/jquery/-/jquery-3.6.0.tgz",
      "integrity": "sha512-JVzAR/AjBvVt2BmYhxRCSYysDsPcssdmTFnzyLEts9qNwmjmu4JTAMYubEfwVOSwpQ1I1sKKFcxhZCI2buerfw=="
    },
    "node_modules/typescript": {
      "version": "4.5.5",
      "resolved": "https://registry.npmjs.org/typescript/-/typescript-4.5.5.tgz",
      "integrity": "sha512-TCTIul70LyWe6IJWT8QSYeA54WQe8EjQFU4wY52Fasj5UKx88LNYKCgBEHcOMOrFF1rKGbD8v/xcNWVUq9SymA==",
      "dev": true,
      "bin": {
        "tsc": "bin/tsc",
        "tsserver": "bin/tsserver"
      },
      "engines": {
        "node": ">=4.2.0"
      }
    }
  },
  "dependencies": {
    "@progress/kendo-ui": {
      "version": "2022.1.119",
      "resolved": "https://registry.npmjs.org/@progress/kendo-ui/-/kendo-ui-2022.1.119.tgz",
      "integrity": "sha512-NpNZCBoYi+0m9788DYaSuwZ1nre7x0Vn5/miBPIOtdvN2iKaJ8YftFsGY9IETxCpewPko6ejNr9mAU3S+EmmIg==",
      "requires": {
        "jquery": "1.10.0 - 3.6.0"
      }
    },
    "jquery": {
      "version": "3.6.0",
      "resolved": "https://registry.npmjs.org/jquery/-/jquery-3.6.0.tgz",
      "integrity": "sha512-JVzAR/AjBvVt2BmYhxRCSYysDsPcssdmTFnzyLEts9qNwmjmu4JTAMYubEfwVOSwpQ1I1sKKFcxhZCI2buerfw=="
    },
    "typescript": {
      "version": "4.5.5",
      "resolved": "https://registry.npmjs.org/typescript/-/typescript-4.5.5.tgz",
      "integrity": "sha512-TCTIul70LyWe6IJWT8QSYeA54WQe8EjQFU4wY52Fasj5UKx88LNYKCgBEHcOMOrFF1rKGbD8v/xcNWVUq9SymA==",
      "dev": true
    }
  }
}
